
Microsoft Visual Studio Solution File, Format Version 12.00
# Visual Studio Version 17
VisualStudioVersion = 17.13.35825.156
MinimumVisualStudioVersion = 10.0.40219.1
Project("{54A90642-561A-4BB1-A94E-469ADEE60C69}") = "client", "client\client.esproj", "{5DC3FCCF-9129-207D-CAD8-1B96C9FA47E2}"
EndProject
Project("{2150E333-8FDC-42A3-9474-1A3956D46DE8}") = "Server", "Server", "{02EA681E-C7D8-13C7-8484-4AC65E1B71E8}"
EndProject
Project("{FAE04EC0-301F-11D3-BF4B-00C04F79EFBC}") = "UserAPI", "UserAPI\UserAPI.csproj", "{C99D0404-2B46-4796-8383-213558AC8F10}"
EndProject
Project("{FAE04EC0-301F-11D3-BF4B-00C04F79EFBC}") = "ForecastAPI", "ForecastAPI\ForecastAPI.csproj", "{14428B46-6403-4C5D-8DA7-CC3750475609}"
EndProject
Global
	GlobalSection(SolutionConfigurationPlatforms) = preSolution
		Debug|Any CPU = Debug|Any CPU
		Release|Any CPU = Release|Any CPU
	EndGlobalSection
	GlobalSection(ProjectConfigurationPlatforms) = postSolution
		{5DC3FCCF-9129-207D-CAD8-1B96C9FA47E2}.Debug|Any CPU.ActiveCfg = Debug|Any CPU
		{5DC3FCCF-9129-207D-CAD8-1B96C9FA47E2}.Debug|Any CPU.Build.0 = Debug|Any CPU
		{5DC3FCCF-9129-207D-CAD8-1B96C9FA47E2}.Debug|Any CPU.Deploy.0 = Debug|Any CPU
		{5DC3FCCF-9129-207D-CAD8-1B96C9FA47E2}.Release|Any CPU.ActiveCfg = Release|Any CPU
		{5DC3FCCF-9129-207D-CAD8-1B96C9FA47E2}.Release|Any CPU.Build.0 = Release|Any CPU
		{5DC3FCCF-9129-207D-CAD8-1B96C9FA47E2}.Release|Any CPU.Deploy.0 = Release|Any CPU
		{C99D0404-2B46-4796-8383-213558AC8F10}.Debug|Any CPU.ActiveCfg = Debug|Any CPU
		{C99D0404-2B46-4796-8383-213558AC8F10}.Debug|Any CPU.Build.0 = Debug|Any CPU
		{C99D0404-2B46-4796-8383-213558AC8F10}.Release|Any CPU.ActiveCfg = Release|Any CPU
		{C99D0404-2B46-4796-8383-213558AC8F10}.Release|Any CPU.Build.0 = Release|Any CPU
		{14428B46-6403-4C5D-8DA7-CC3750475609}.Debug|Any CPU.ActiveCfg = Debug|Any CPU
		{14428B46-6403-4C5D-8DA7-CC3750475609}.Debug|Any CPU.Build.0 = Debug|Any CPU
		{14428B46-6403-4C5D-8DA7-CC3750475609}.Release|Any CPU.ActiveCfg = Release|Any CPU
		{14428B46-6403-4C5D-8DA7-CC3750475609}.Release|Any CPU.Build.0 = Release|Any CPU
	EndGlobalSection
	GlobalSection(SolutionProperties) = preSolution
		HideSolutionNode = FALSE
	EndGlobalSection
	GlobalSection(NestedProjects) = preSolution
		{C99D0404-2B46-4796-8383-213558AC8F10} = {02EA681E-C7D8-13C7-8484-4AC65E1B71E8}
		{14428B46-6403-4C5D-8DA7-CC3750475609} = {02EA681E-C7D8-13C7-8484-4AC65E1B71E8}
	EndGlobalSection
	GlobalSection(ExtensibilityGlobals) = postSolution
		SolutionGuid = {52318070-2294-4814-8A25-09B567C2E656}
	EndGlobalSection
EndGlobal
